
Microsoft Visual Studio Solution File, Format Version 12.00
# Visual Studio Version 16
VisualStudioVersion = 16.0.30523.141
MinimumVisualStudioVersion = 10.0.40219.1
Project("{9A19103F-16F7-4668-BE54-9A1E7A4F7556}") = "RestaurantReviewer", "RestaurantReviewer.csproj", "{F64999DA-DECE-47AF-A24D-AD866E512B08}"
EndProject
Project("{2150E333-8FDC-42A3-9474-1A3956D46DE8}") = "Solution Items", "Solution Items", "{D0D85BB7-5126-4076-AB7D-7EE615F4D194}"
	ProjectSection(SolutionItems) = preProject
		.editorconfig = .editorconfig
	EndProjectSection
EndProject
Project("{FAE04EC0-301F-11D3-BF4B-00C04F79EFBC}") = "TestRestaurantReviewer", "TestRestaurantReviewer\TestRestaurantReviewer.csproj", "{1DBB6C42-F556-4D58-B7AB-582D80788847}"
EndProject
Global
	GlobalSection(SolutionConfigurationPlatforms) = preSolution
		Debug|Any CPU = Debug|Any CPU
		Release|Any CPU = Release|Any CPU
	EndGlobalSection
	GlobalSection(ProjectConfigurationPlatforms) = postSolution
		{F64999DA-DECE-47AF-A24D-AD866E512B08}.Debug|Any CPU.ActiveCfg = Debug|Any CPU
		{F64999DA-DECE-47AF-A24D-AD866E512B08}.Debug|Any CPU.Build.0 = Debug|Any CPU
		{F64999DA-DECE-47AF-A24D-AD866E512B08}.Release|Any CPU.ActiveCfg = Release|Any CPU
		{F64999DA-DECE-47AF-A24D-AD866E512B08}.Release|Any CPU.Build.0 = Release|Any CPU
		{1DBB6C42-F556-4D58-B7AB-582D80788847}.Debug|Any CPU.ActiveCfg = Debug|Any CPU
		{1DBB6C42-F556-4D58-B7AB-582D80788847}.Debug|Any CPU.Build.0 = Debug|Any CPU
		{1DBB6C42-F556-4D58-B7AB-582D80788847}.Release|Any CPU.ActiveCfg = Release|Any CPU
		{1DBB6C42-F556-4D58-B7AB-582D80788847}.Release|Any CPU.Build.0 = Release|Any CPU
	EndGlobalSection
	GlobalSection(SolutionProperties) = preSolution
		HideSolutionNode = FALSE
	EndGlobalSection
	GlobalSection(ExtensibilityGlobals) = postSolution
		SolutionGuid = {E598503A-1862-43D1-8FA4-1241445F7672}
	EndGlobalSection
EndGlobal
