
Microsoft Visual Studio Solution File, Format Version 12.00
# Visual Studio Version 16
VisualStudioVersion = 16.0.30523.141
MinimumVisualStudioVersion = 10.0.40219.1
Project("{9A19103F-16F7-4668-BE54-9A1E7A4F7556}") = "RestaurantReviewer", "RestaurantReviewer.csproj", "{F64999DA-DECE-47AF-A24D-AD866E512B08}"
EndProject
Global
	GlobalSection(SolutionConfigurationPlatforms) = preSolution
		Debug|Any CPU = Debug|Any CPU
		Release|Any CPU = Release|Any CPU
	EndGlobalSection
	GlobalSection(ProjectConfigurationPlatforms) = postSolution
		{F64999DA-DECE-47AF-A24D-AD866E512B08}.Debug|Any CPU.ActiveCfg = Debug|Any CPU
		{F64999DA-DECE-47AF-A24D-AD866E512B08}.Debug|Any CPU.Build.0 = Debug|Any CPU
		{F64999DA-DECE-47AF-A24D-AD866E512B08}.Release|Any CPU.ActiveCfg = Release|Any CPU
		{F64999DA-DECE-47AF-A24D-AD866E512B08}.Release|Any CPU.Build.0 = Release|Any CPU
	EndGlobalSection
	GlobalSection(SolutionProperties) = preSolution
		HideSolutionNode = FALSE
	EndGlobalSection
	GlobalSection(ExtensibilityGlobals) = postSolution
		SolutionGuid = {E598503A-1862-43D1-8FA4-1241445F7672}
	EndGlobalSection
EndGlobal
